
Microsoft Visual Studio Solution File, Format Version 12.00
# Visual Studio 15
VisualStudioVersion = 15.0.27703.2042
MinimumVisualStudioVersion = 10.0.40219.1
Project("{FAE04EC0-301F-11D3-BF4B-00C04F79EFBC}") = "ComicBookGallery", "ComicBookGallery\ComicBookGallery.csproj", "{EEB8EAD0-796D-470C-9D6F-C991A078722E}"
EndProject
Global
	GlobalSection(SolutionConfigurationPlatforms) = preSolution
		Debug|Any CPU = Debug|Any CPU
		Release|Any CPU = Release|Any CPU
	EndGlobalSection
	GlobalSection(ProjectConfigurationPlatforms) = postSolution
		{EEB8EAD0-796D-470C-9D6F-C991A078722E}.Debug|Any CPU.ActiveCfg = Debug|Any CPU
		{EEB8EAD0-796D-470C-9D6F-C991A078722E}.Debug|Any CPU.Build.0 = Debug|Any CPU
		{EEB8EAD0-796D-470C-9D6F-C991A078722E}.Release|Any CPU.ActiveCfg = Release|Any CPU
		{EEB8EAD0-796D-470C-9D6F-C991A078722E}.Release|Any CPU.Build.0 = Release|Any CPU
	EndGlobalSection
	GlobalSection(SolutionProperties) = preSolution
		HideSolutionNode = FALSE
	EndGlobalSection
	GlobalSection(ExtensibilityGlobals) = postSolution
		SolutionGuid = {EEF049A4-127A-447F-9A49-1060EA1EFC35}
	EndGlobalSection
EndGlobal
